// !$*UTF8*$!
{
	archiveVersion = 1;
	classes = {
	};
	objectVersion = 46;
	objects = {

/* Begin PBXBuildFile section */
		44DC47883061B3677771A93C /* Pods_PullToRefreshDemo.framework in Frameworks */ = {isa = PBXBuildFile; fileRef = 7E4B37C388DA8945A27A57DC /* Pods_PullToRefreshDemo.framework */; };
		89CB98551B12C77700C87160 /* BreakOutToRefresh.h in Headers */ = {isa = PBXBuildFile; fileRef = 89CB98541B12C77700C87160 /* BreakOutToRefresh.h */; settings = {ATTRIBUTES = (Public, ); }; };
		F27D845F1B30AA1400894E82 /* ObjcTableViewController.m in Sources */ = {isa = PBXBuildFile; fileRef = F27D845E1B30AA1400894E82 /* ObjcTableViewController.m */; };
		F2DA3FB61A6B009300F5576F /* AppDelegate.swift in Sources */ = {isa = PBXBuildFile; fileRef = F2DA3FB51A6B009300F5576F /* AppDelegate.swift */; };
		F2DA3FBB1A6B009300F5576F /* Main.storyboard in Resources */ = {isa = PBXBuildFile; fileRef = F2DA3FB91A6B009300F5576F /* Main.storyboard */; };
		F2DA3FBD1A6B009300F5576F /* Images.xcassets in Resources */ = {isa = PBXBuildFile; fileRef = F2DA3FBC1A6B009300F5576F /* Images.xcassets */; };
		F2DA3FC01A6B009300F5576F /* LaunchScreen.xib in Resources */ = {isa = PBXBuildFile; fileRef = F2DA3FBE1A6B009300F5576F /* LaunchScreen.xib */; };
		F2DA3FD61A6B01A100F5576F /* DemoTableViewController.swift in Sources */ = {isa = PBXBuildFile; fileRef = F2DA3FD51A6B01A100F5576F /* DemoTableViewController.swift */; };
/* End PBXBuildFile section */

/* Begin PBXFileReference section */
		7E4B37C388DA8945A27A57DC /* Pods_PullToRefreshDemo.framework */ = {isa = PBXFileReference; explicitFileType = wrapper.framework; includeInIndex = 0; path = Pods_PullToRefreshDemo.framework; sourceTree = BUILT_PRODUCTS_DIR; };
		89CB98501B12C77700C87160 /* BreakOutToRefresh.framework */ = {isa = PBXFileReference; explicitFileType = wrapper.framework; includeInIndex = 0; path = BreakOutToRefresh.framework; sourceTree = BUILT_PRODUCTS_DIR; };
		89CB98531B12C77700C87160 /* Info.plist */ = {isa = PBXFileReference; lastKnownFileType = text.plist.xml; path = Info.plist; sourceTree = "<group>"; };
		89CB98541B12C77700C87160 /* BreakOutToRefresh.h */ = {isa = PBXFileReference; lastKnownFileType = sourcecode.c.h; path = BreakOutToRefresh.h; sourceTree = "<group>"; };
		919E6B5F4D7F8BF6399AA510 /* Pods-PullToRefreshDemo.debug.xcconfig */ = {isa = PBXFileReference; includeInIndex = 1; lastKnownFileType = text.xcconfig; name = "Pods-PullToRefreshDemo.debug.xcconfig"; path = "Pods/Target Support Files/Pods-PullToRefreshDemo/Pods-PullToRefreshDemo.debug.xcconfig"; sourceTree = "<group>"; };
		A75EB5FD286CFB405F320638 /* Pods-PullToRefreshDemo.release.xcconfig */ = {isa = PBXFileReference; includeInIndex = 1; lastKnownFileType = text.xcconfig; name = "Pods-PullToRefreshDemo.release.xcconfig"; path = "Pods/Target Support Files/Pods-PullToRefreshDemo/Pods-PullToRefreshDemo.release.xcconfig"; sourceTree = "<group>"; };
		F27D845C1B30AA1400894E82 /* PullToRefreshDemo-Bridging-Header.h */ = {isa = PBXFileReference; lastKnownFileType = sourcecode.c.h; path = "PullToRefreshDemo-Bridging-Header.h"; sourceTree = "<group>"; };
		F27D845D1B30AA1400894E82 /* ObjcTableViewController.h */ = {isa = PBXFileReference; fileEncoding = 4; lastKnownFileType = sourcecode.c.h; path = ObjcTableViewController.h; sourceTree = "<group>"; };
		F27D845E1B30AA1400894E82 /* ObjcTableViewController.m */ = {isa = PBXFileReference; fileEncoding = 4; lastKnownFileType = sourcecode.c.objc; path = ObjcTableViewController.m; sourceTree = "<group>"; };
		F2DA3FB01A6B009300F5576F /* PullToRefreshDemo.app */ = {isa = PBXFileReference; explicitFileType = wrapper.application; includeInIndex = 0; path = PullToRefreshDemo.app; sourceTree = BUILT_PRODUCTS_DIR; };
		F2DA3FB41A6B009300F5576F /* Info.plist */ = {isa = PBXFileReference; lastKnownFileType = text.plist.xml; path = Info.plist; sourceTree = "<group>"; };
		F2DA3FB51A6B009300F5576F /* AppDelegate.swift */ = {isa = PBXFileReference; lastKnownFileType = sourcecode.swift; path = AppDelegate.swift; sourceTree = "<group>"; };
		F2DA3FBA1A6B009300F5576F /* Base */ = {isa = PBXFileReference; lastKnownFileType = file.storyboard; name = Base; path = Base.lproj/Main.storyboard; sourceTree = "<group>"; };
		F2DA3FBC1A6B009300F5576F /* Images.xcassets */ = {isa = PBXFileReference; lastKnownFileType = folder.assetcatalog; path = Images.xcassets; sourceTree = "<group>"; };
		F2DA3FBF1A6B009300F5576F /* Base */ = {isa = PBXFileReference; lastKnownFileType = file.xib; name = Base; path = Base.lproj/LaunchScreen.xib; sourceTree = "<group>"; };
		F2DA3FD51A6B01A100F5576F /* DemoTableViewController.swift */ = {isa = PBXFileReference; fileEncoding = 4; lastKnownFileType = sourcecode.swift; path = DemoTableViewController.swift; sourceTree = "<group>"; };
/* End PBXFileReference section */

/* Begin PBXFrameworksBuildPhase section */
		89CB984C1B12C77700C87160 /* Frameworks */ = {
			isa = PBXFrameworksBuildPhase;
			buildActionMask = 2147483647;
			files = (
			);
			runOnlyForDeploymentPostprocessing = 0;
		};
		F2DA3FAD1A6B009300F5576F /* Frameworks */ = {
			isa = PBXFrameworksBuildPhase;
			buildActionMask = 2147483647;
			files = (
				44DC47883061B3677771A93C /* Pods_PullToRefreshDemo.framework in Frameworks */,
			);
			runOnlyForDeploymentPostprocessing = 0;
		};
/* End PBXFrameworksBuildPhase section */

/* Begin PBXGroup section */
		10D4A8D8CF74059A0BABABA1 /* Frameworks */ = {
			isa = PBXGroup;
			children = (
				7E4B37C388DA8945A27A57DC /* Pods_PullToRefreshDemo.framework */,
			);
			name = Frameworks;
			sourceTree = "<group>";
		};
		87CE463A7D04A165BBE6F1F5 /* Pods */ = {
			isa = PBXGroup;
			children = (
				919E6B5F4D7F8BF6399AA510 /* Pods-PullToRefreshDemo.debug.xcconfig */,
				A75EB5FD286CFB405F320638 /* Pods-PullToRefreshDemo.release.xcconfig */,
			);
			name = Pods;
			sourceTree = "<group>";
		};
		89CB98511B12C77700C87160 /* PullToRefresh */ = {
			isa = PBXGroup;
			children = (
				89CB98541B12C77700C87160 /* BreakOutToRefresh.h */,
				89CB98521B12C77700C87160 /* Supporting Files */,
			);
			path = PullToRefresh;
			sourceTree = "<group>";
		};
		89CB98521B12C77700C87160 /* Supporting Files */ = {
			isa = PBXGroup;
			children = (
				89CB98531B12C77700C87160 /* Info.plist */,
			);
			name = "Supporting Files";
			sourceTree = "<group>";
		};
		F2DA3FA71A6B009200F5576F = {
			isa = PBXGroup;
			children = (
				F2DA3FB21A6B009300F5576F /* PullToRefreshDemo */,
				89CB98511B12C77700C87160 /* PullToRefresh */,
				F2DA3FB11A6B009300F5576F /* Products */,
				87CE463A7D04A165BBE6F1F5 /* Pods */,
				10D4A8D8CF74059A0BABABA1 /* Frameworks */,
			);
			sourceTree = "<group>";
		};
		F2DA3FB11A6B009300F5576F /* Products */ = {
			isa = PBXGroup;
			children = (
				F2DA3FB01A6B009300F5576F /* PullToRefreshDemo.app */,
				89CB98501B12C77700C87160 /* BreakOutToRefresh.framework */,
			);
			name = Products;
			sourceTree = "<group>";
		};
		F2DA3FB21A6B009300F5576F /* PullToRefreshDemo */ = {
			isa = PBXGroup;
			children = (
				F2DA3FB51A6B009300F5576F /* AppDelegate.swift */,
				F2DA3FD51A6B01A100F5576F /* DemoTableViewController.swift */,
				F27D845D1B30AA1400894E82 /* ObjcTableViewController.h */,
				F27D845E1B30AA1400894E82 /* ObjcTableViewController.m */,
				F2DA3FB91A6B009300F5576F /* Main.storyboard */,
				F2DA3FBC1A6B009300F5576F /* Images.xcassets */,
				F2DA3FBE1A6B009300F5576F /* LaunchScreen.xib */,
				F2DA3FB31A6B009300F5576F /* Supporting Files */,
				F27D845C1B30AA1400894E82 /* PullToRefreshDemo-Bridging-Header.h */,
			);
			path = PullToRefreshDemo;
			sourceTree = "<group>";
		};
		F2DA3FB31A6B009300F5576F /* Supporting Files */ = {
			isa = PBXGroup;
			children = (
				F2DA3FB41A6B009300F5576F /* Info.plist */,
			);
			name = "Supporting Files";
			sourceTree = "<group>";
		};
/* End PBXGroup section */

/* Begin PBXHeadersBuildPhase section */
		89CB984D1B12C77700C87160 /* Headers */ = {
			isa = PBXHeadersBuildPhase;
			buildActionMask = 2147483647;
			files = (
				89CB98551B12C77700C87160 /* BreakOutToRefresh.h in Headers */,
			);
			runOnlyForDeploymentPostprocessing = 0;
		};
/* End PBXHeadersBuildPhase section */

/* Begin PBXNativeTarget section */
		89CB984F1B12C77700C87160 /* PullToRefresh */ = {
			isa = PBXNativeTarget;
			buildConfigurationList = 89CB98671B12C77700C87160 /* Build configuration list for PBXNativeTarget "PullToRefresh" */;
			buildPhases = (
				89CB984B1B12C77700C87160 /* Sources */,
				89CB984C1B12C77700C87160 /* Frameworks */,
				89CB984D1B12C77700C87160 /* Headers */,
				89CB984E1B12C77700C87160 /* Resources */,
			);
			buildRules = (
			);
			dependencies = (
			);
			name = PullToRefresh;
			productName = PullToRefresh;
			productReference = 89CB98501B12C77700C87160 /* BreakOutToRefresh.framework */;
			productType = "com.apple.product-type.framework";
		};
		F2DA3FAF1A6B009300F5576F /* PullToRefreshDemo */ = {
			isa = PBXNativeTarget;
			buildConfigurationList = F2DA3FCF1A6B009300F5576F /* Build configuration list for PBXNativeTarget "PullToRefreshDemo" */;
			buildPhases = (
				E78DF821473B5AB422EBAA02 /* Check Pods Manifest.lock */,
				F2DA3FAC1A6B009300F5576F /* Sources */,
				F2DA3FAD1A6B009300F5576F /* Frameworks */,
				F2DA3FAE1A6B009300F5576F /* Resources */,
				2BF190FA3FA975204C6A9FCF /* Embed Pods Frameworks */,
				21C7A03E73911C71CB472CDD /* Copy Pods Resources */,
			);
			buildRules = (
			);
			dependencies = (
			);
			name = PullToRefreshDemo;
			productName = PullToRefreshDemo;
			productReference = F2DA3FB01A6B009300F5576F /* PullToRefreshDemo.app */;
			productType = "com.apple.product-type.application";
		};
/* End PBXNativeTarget section */

/* Begin PBXProject section */
		F2DA3FA81A6B009200F5576F /* Project object */ = {
			isa = PBXProject;
			attributes = {
				LastSwiftUpdateCheck = 0700;
				LastUpgradeCheck = 1010;
				ORGANIZATIONNAME = "Dominik Hauser";
				TargetAttributes = {
					89CB984F1B12C77700C87160 = {
						CreatedOnToolsVersion = 6.3.2;
					};
					F2DA3FAF1A6B009300F5576F = {
						CreatedOnToolsVersion = 6.1.1;
						LastSwiftMigration = 0910;
					};
				};
			};
			buildConfigurationList = F2DA3FAB1A6B009200F5576F /* Build configuration list for PBXProject "PullToRefreshDemo" */;
			compatibilityVersion = "Xcode 3.2";
			developmentRegion = English;
			hasScannedForEncodings = 0;
			knownRegions = (
				en,
				Base,
			);
			mainGroup = F2DA3FA71A6B009200F5576F;
			productRefGroup = F2DA3FB11A6B009300F5576F /* Products */;
			projectDirPath = "";
			projectRoot = "";
			targets = (
				F2DA3FAF1A6B009300F5576F /* PullToRefreshDemo */,
				89CB984F1B12C77700C87160 /* PullToRefresh */,
			);
		};
/* End PBXProject section */

/* Begin PBXResourcesBuildPhase section */
		89CB984E1B12C77700C87160 /* Resources */ = {
			isa = PBXResourcesBuildPhase;
			buildActionMask = 2147483647;
			files = (
			);
			runOnlyForDeploymentPostprocessing = 0;
		};
		F2DA3FAE1A6B009300F5576F /* Resources */ = {
			isa = PBXResourcesBuildPhase;
			buildActionMask = 2147483647;
			files = (
				F2DA3FBB1A6B009300F5576F /* Main.storyboard in Resources */,
				F2DA3FC01A6B009300F5576F /* LaunchScreen.xib in Resources */,
				F2DA3FBD1A6B009300F5576F /* Images.xcassets in Resources */,
			);
			runOnlyForDeploymentPostprocessing = 0;
		};
/* End PBXResourcesBuildPhase section */

/* Begin PBXShellScriptBuildPhase section */
		21C7A03E73911C71CB472CDD /* Copy Pods Resources */ = {
			isa = PBXShellScriptBuildPhase;
			buildActionMask = 2147483647;
			files = (
			);
			inputPaths = (
			);
			name = "Copy Pods Resources";
			outputPaths = (
			);
			runOnlyForDeploymentPostprocessing = 0;
			shellPath = /bin/sh;
			shellScript = "\"${SRCROOT}/Pods/Target Support Files/Pods-PullToRefreshDemo/Pods-PullToRefreshDemo-resources.sh\"\n";
			showEnvVarsInLog = 0;
		};
		2BF190FA3FA975204C6A9FCF /* Embed Pods Frameworks */ = {
			isa = PBXShellScriptBuildPhase;
			buildActionMask = 2147483647;
			files = (
			);
			inputPaths = (
			);
			name = "Embed Pods Frameworks";
			outputPaths = (
			);
			runOnlyForDeploymentPostprocessing = 0;
			shellPath = /bin/sh;
			shellScript = "\"${SRCROOT}/Pods/Target Support Files/Pods-PullToRefreshDemo/Pods-PullToRefreshDemo-frameworks.sh\"\n";
			showEnvVarsInLog = 0;
		};
		E78DF821473B5AB422EBAA02 /* Check Pods Manifest.lock */ = {
			isa = PBXShellScriptBuildPhase;
			buildActionMask = 2147483647;
			files = (
			);
			inputPaths = (
			);
			name = "Check Pods Manifest.lock";
			outputPaths = (
			);
			runOnlyForDeploymentPostprocessing = 0;
			shellPath = /bin/sh;
			shellScript = "diff \"${PODS_ROOT}/../Podfile.lock\" \"${PODS_ROOT}/Manifest.lock\" > /dev/null\nif [[ $? != 0 ]] ; then\n    cat << EOM\nerror: The sandbox is not in sync with the Podfile.lock. Run 'pod install' or update your CocoaPods installation.\nEOM\n    exit 1\nfi\n";
			showEnvVarsInLog = 0;
		};
/* End PBXShellScriptBuildPhase section */

/* Begin PBXSourcesBuildPhase section */
		89CB984B1B12C77700C87160 /* Sources */ = {
			isa = PBXSourcesBuildPhase;
			buildActionMask = 2147483647;
			files = (
			);
			runOnlyForDeploymentPostprocessing = 0;
		};
		F2DA3FAC1A6B009300F5576F /* Sources */ = {
			isa = PBXSourcesBuildPhase;
			buildActionMask = 2147483647;
			files = (
				F27D845F1B30AA1400894E82 /* ObjcTableViewController.m in Sources */,
				F2DA3FD61A6B01A100F5576F /* DemoTableViewController.swift in Sources */,
				F2DA3FB61A6B009300F5576F /* AppDelegate.swift in Sources */,
			);
			runOnlyForDeploymentPostprocessing = 0;
		};
/* End PBXSourcesBuildPhase section */

/* Begin PBXVariantGroup section */
		F2DA3FB91A6B009300F5576F /* Main.storyboard */ = {
			isa = PBXVariantGroup;
			children = (
				F2DA3FBA1A6B009300F5576F /* Base */,
			);
			name = Main.storyboard;
			sourceTree = "<group>";
		};
		F2DA3FBE1A6B009300F5576F /* LaunchScreen.xib */ = {
			isa = PBXVariantGroup;
			children = (
				F2DA3FBF1A6B009300F5576F /* Base */,
			);
			name = LaunchScreen.xib;
			sourceTree = "<group>";
		};
/* End PBXVariantGroup section */

/* Begin XCBuildConfiguration section */
		89CB98631B12C77700C87160 /* Debug */ = {
			isa = XCBuildConfiguration;
			buildSettings = {
				"CODE_SIGN_IDENTITY[sdk=iphoneos*]" = "";
				CURRENT_PROJECT_VERSION = 1;
				DEBUG_INFORMATION_FORMAT = "dwarf-with-dsym";
				DEFINES_MODULE = YES;
				DYLIB_COMPATIBILITY_VERSION = 1;
				DYLIB_CURRENT_VERSION = 1;
				DYLIB_INSTALL_NAME_BASE = "@rpath";
				GCC_NO_COMMON_BLOCKS = YES;
				GCC_PREPROCESSOR_DEFINITIONS = (
					"DEBUG=1",
					"$(inherited)",
				);
				INFOPLIST_FILE = PullToRefresh/Info.plist;
				INSTALL_PATH = "$(LOCAL_LIBRARY_DIR)/Frameworks";
				IPHONEOS_DEPLOYMENT_TARGET = 9.0;
				LD_RUNPATH_SEARCH_PATHS = "$(inherited) @executable_path/Frameworks @loader_path/Frameworks";
				PRODUCT_BUNDLE_IDENTIFIER = "de.dasdom.$(PRODUCT_NAME:rfc1034identifier)";
				PRODUCT_NAME = BreakOutToRefresh;
				SKIP_INSTALL = YES;
				TARGETED_DEVICE_FAMILY = "1,2";
				VERSIONING_SYSTEM = "apple-generic";
				VERSION_INFO_PREFIX = "";
			};
			name = Debug;
		};
		89CB98641B12C77700C87160 /* Release */ = {
			isa = XCBuildConfiguration;
			buildSettings = {
				"CODE_SIGN_IDENTITY[sdk=iphoneos*]" = "";
				COPY_PHASE_STRIP = NO;
				CURRENT_PROJECT_VERSION = 1;
				DEBUG_INFORMATION_FORMAT = "dwarf-with-dsym";
				DEFINES_MODULE = YES;
				DYLIB_COMPATIBILITY_VERSION = 1;
				DYLIB_CURRENT_VERSION = 1;
				DYLIB_INSTALL_NAME_BASE = "@rpath";
				GCC_NO_COMMON_BLOCKS = YES;
				INFOPLIST_FILE = PullToRefresh/Info.plist;
				INSTALL_PATH = "$(LOCAL_LIBRARY_DIR)/Frameworks";
				IPHONEOS_DEPLOYMENT_TARGET = 9.0;
				LD_RUNPATH_SEARCH_PATHS = "$(inherited) @executable_path/Frameworks @loader_path/Frameworks";
				PRODUCT_BUNDLE_IDENTIFIER = "de.dasdom.$(PRODUCT_NAME:rfc1034identifier)";
				PRODUCT_NAME = BreakOutToRefresh;
				SKIP_INSTALL = YES;
				TARGETED_DEVICE_FAMILY = "1,2";
				VERSIONING_SYSTEM = "apple-generic";
				VERSION_INFO_PREFIX = "";
			};
			name = Release;
		};
		F2DA3FCD1A6B009300F5576F /* Debug */ = {
			isa = XCBuildConfiguration;
			buildSettings = {
				ALWAYS_SEARCH_USER_PATHS = NO;
				CLANG_CXX_LANGUAGE_STANDARD = "gnu++0x";
				CLANG_CXX_LIBRARY = "libc++";
				CLANG_ENABLE_MODULES = YES;
				CLANG_ENABLE_OBJC_ARC = YES;
				CLANG_WARN_BLOCK_CAPTURE_AUTORELEASING = YES;
				CLANG_WARN_BOOL_CONVERSION = YES;
				CLANG_WARN_COMMA = YES;
				CLANG_WARN_CONSTANT_CONVERSION = YES;
				CLANG_WARN_DEPRECATED_OBJC_IMPLEMENTATIONS = YES;
				CLANG_WARN_DIRECT_OBJC_ISA_USAGE = YES_ERROR;
				CLANG_WARN_EMPTY_BODY = YES;
				CLANG_WARN_ENUM_CONVERSION = YES;
				CLANG_WARN_INFINITE_RECURSION = YES;
				CLANG_WARN_INT_CONVERSION = YES;
				CLANG_WARN_NON_LITERAL_NULL_CONVERSION = YES;
				CLANG_WARN_OBJC_IMPLICIT_RETAIN_SELF = YES;
				CLANG_WARN_OBJC_LITERAL_CONVERSION = YES;
				CLANG_WARN_OBJC_ROOT_CLASS = YES_ERROR;
				CLANG_WARN_RANGE_LOOP_ANALYSIS = YES;
				CLANG_WARN_STRICT_PROTOTYPES = YES;
				CLANG_WARN_SUSPICIOUS_MOVE = YES;
				CLANG_WARN_UNREACHABLE_CODE = YES;
				CLANG_WARN__DUPLICATE_METHOD_MATCH = YES;
				"CODE_SIGN_IDENTITY[sdk=iphoneos*]" = "iPhone Developer";
				COPY_PHASE_STRIP = NO;
				ENABLE_STRICT_OBJC_MSGSEND = YES;
				ENABLE_TESTABILITY = YES;
				GCC_C_LANGUAGE_STANDARD = gnu99;
				GCC_DYNAMIC_NO_PIC = NO;
				GCC_NO_COMMON_BLOCKS = YES;
				GCC_OPTIMIZATION_LEVEL = 0;
				GCC_PREPROCESSOR_DEFINITIONS = (
					"DEBUG=1",
					"$(inherited)",
				);
				GCC_SYMBOLS_PRIVATE_EXTERN = NO;
				GCC_WARN_64_TO_32_BIT_CONVERSION = YES;
				GCC_WARN_ABOUT_RETURN_TYPE = YES_ERROR;
				GCC_WARN_UNDECLARED_SELECTOR = YES;
				GCC_WARN_UNINITIALIZED_AUTOS = YES_AGGRESSIVE;
				GCC_WARN_UNUSED_FUNCTION = YES;
				GCC_WARN_UNUSED_VARIABLE = YES;
				IPHONEOS_DEPLOYMENT_TARGET = 8.1;
				MTL_ENABLE_DEBUG_INFO = YES;
				ONLY_ACTIVE_ARCH = YES;
				SDKROOT = iphoneos;
				SWIFT_OPTIMIZATION_LEVEL = "-Onone";
				SWIFT_SWIFT3_OBJC_INFERENCE = Default;
			};
			name = Debug;
		};
		F2DA3FCE1A6B009300F5576F /* Release */ = {
			isa = XCBuildConfiguration;
			buildSettings = {
				ALWAYS_SEARCH_USER_PATHS = NO;
				CLANG_CXX_LANGUAGE_STANDARD = "gnu++0x";
				CLANG_CXX_LIBRARY = "libc++";
				CLANG_ENABLE_MODULES = YES;
				CLANG_ENABLE_OBJC_ARC = YES;
				CLANG_WARN_BLOCK_CAPTURE_AUTORELEASING = YES;
				CLANG_WARN_BOOL_CONVERSION = YES;
				CLANG_WARN_COMMA = YES;
				CLANG_WARN_CONSTANT_CONVERSION = YES;
				CLANG_WARN_DEPRECATED_OBJC_IMPLEMENTATIONS = YES;
				CLANG_WARN_DIRECT_OBJC_ISA_USAGE = YES_ERROR;
				CLANG_WARN_EMPTY_BODY = YES;
				CLANG_WARN_ENUM_CONVERSION = YES;
				CLANG_WARN_INFINITE_RECURSION = YES;
				CLANG_WARN_INT_CONVERSION = YES;
				CLANG_WARN_NON_LITERAL_NULL_CONVERSION = YES;
				CLANG_WARN_OBJC_IMPLICIT_RETAIN_SELF = YES;
				CLANG_WARN_OBJC_LITERAL_CONVERSION = YES;
				CLANG_WARN_OBJC_ROOT_CLASS = YES_ERROR;
				CLANG_WARN_RANGE_LOOP_ANALYSIS = YES;
				CLANG_WARN_STRICT_PROTOTYPES = YES;
				CLANG_WARN_SUSPICIOUS_MOVE = YES;
				CLANG_WARN_UNREACHABLE_CODE = YES;
				CLANG_WARN__DUPLICATE_METHOD_MATCH = YES;
				"CODE_SIGN_IDENTITY[sdk=iphoneos*]" = "iPhone Developer";
				COPY_PHASE_STRIP = YES;
				ENABLE_NS_ASSERTIONS = NO;
				ENABLE_STRICT_OBJC_MSGSEND = YES;
				GCC_C_LANGUAGE_STANDARD = gnu99;
				GCC_NO_COMMON_BLOCKS = YES;
				GCC_WARN_64_TO_32_BIT_CONVERSION = YES;
				GCC_WARN_ABOUT_RETURN_TYPE = YES_ERROR;
				GCC_WARN_UNDECLARED_SELECTOR = YES;
				GCC_WARN_UNINITIALIZED_AUTOS = YES_AGGRESSIVE;
				GCC_WARN_UNUSED_FUNCTION = YES;
				GCC_WARN_UNUSED_VARIABLE = YES;
				IPHONEOS_DEPLOYMENT_TARGET = 8.1;
				MTL_ENABLE_DEBUG_INFO = NO;
				SDKROOT = iphoneos;
				SWIFT_OPTIMIZATION_LEVEL = "-Owholemodule";
				SWIFT_SWIFT3_OBJC_INFERENCE = Default;
				VALIDATE_PRODUCT = YES;
			};
			name = Release;
		};
		F2DA3FD01A6B009300F5576F /* Debug */ = {
			isa = XCBuildConfiguration;
			baseConfigurationReference = 919E6B5F4D7F8BF6399AA510 /* Pods-PullToRefreshDemo.debug.xcconfig */;
			buildSettings = {
				ALWAYS_EMBED_SWIFT_STANDARD_LIBRARIES = YES;
				ASSETCATALOG_COMPILER_APPICON_NAME = AppIcon;
				CLANG_ENABLE_MODULES = YES;
				INFOPLIST_FILE = PullToRefreshDemo/Info.plist;
				IPHONEOS_DEPLOYMENT_TARGET = 9.0;
				LD_RUNPATH_SEARCH_PATHS = "$(inherited) @executable_path/Frameworks";
				PRODUCT_BUNDLE_IDENTIFIER = "de.dasdom.$(PRODUCT_NAME:rfc1034identifier)";
				PRODUCT_NAME = "$(TARGET_NAME)";
				SWIFT_OBJC_BRIDGING_HEADER = "PullToRefreshDemo/PullToRefreshDemo-Bridging-Header.h";
				SWIFT_OPTIMIZATION_LEVEL = "-Onone";
				SWIFT_SWIFT3_OBJC_INFERENCE = Default;
				SWIFT_VERSION = 4.0;
			};
			name = Debug;
		};
		F2DA3FD11A6B009300F5576F /* Release */ = {
			isa = XCBuildConfiguration;
			baseConfigurationReference = A75EB5FD286CFB405F320638 /* Pods-PullToRefreshDemo.release.xcconfig */;
			buildSettings = {
				ALWAYS_EMBED_SWIFT_STANDARD_LIBRARIES = YES;
				ASSETCATALOG_COMPILER_APPICON_NAME = AppIcon;
				CLANG_ENABLE_MODULES = YES;
				INFOPLIST_FILE = PullToRefreshDemo/Info.plist;
				IPHONEOS_DEPLOYMENT_TARGET = 9.0;
				LD_RUNPATH_SEARCH_PATHS = "$(inherited) @executable_path/Frameworks";
				PRODUCT_BUNDLE_IDENTIFIER = "de.dasdom.$(PRODUCT_NAME:rfc1034identifier)";
				PRODUCT_NAME = "$(TARGET_NAME)";
				SWIFT_OBJC_BRIDGING_HEADER = "PullToRefreshDemo/PullToRefreshDemo-Bridging-Header.h";
				SWIFT_SWIFT3_OBJC_INFERENCE = Default;
				SWIFT_VERSION = 4.0;
			};
			name = Release;
		};
/* End XCBuildConfiguration section */

/* Begin XCConfigurationList section */
		89CB98671B12C77700C87160 /* Build configuration list for PBXNativeTarget "PullToRefresh" */ = {
			isa = XCConfigurationList;
			buildConfigurations = (
				89CB98631B12C77700C87160 /* Debug */,
				89CB98641B12C77700C87160 /* Release */,
			);
			defaultConfigurationIsVisible = 0;
			defaultConfigurationName = Release;
		};
		F2DA3FAB1A6B009200F5576F /* Build configuration list for PBXProject "PullToRefreshDemo" */ = {
			isa = XCConfigurationList;
			buildConfigurations = (
				F2DA3FCD1A6B009300F5576F /* Debug */,
				F2DA3FCE1A6B009300F5576F /* Release */,
			);
			defaultConfigurationIsVisible = 0;
			defaultConfigurationName = Release;
		};
		F2DA3FCF1A6B009300F5576F /* Build configuration list for PBXNativeTarget "PullToRefreshDemo" */ = {
			isa = XCConfigurationList;
			buildConfigurations = (
				F2DA3FD01A6B009300F5576F /* Debug */,
				F2DA3FD11A6B009300F5576F /* Release */,
			);
			defaultConfigurationIsVisible = 0;
			defaultConfigurationName = Release;
		};
/* End XCConfigurationList section */
	};
	rootObject = F2DA3FA81A6B009200F5576F /* Project object */;
}
